
Microsoft Visual Studio Solution File, Format Version 12.00
# Visual Studio Version 17
VisualStudioVersion = 17.5.002.0
MinimumVisualStudioVersion = 10.0.40219.1
Project("{9A19103F-16F7-4668-BE54-9A1E7A4F7556}") = "AvaliacaoPraticaEx2", "AvaliacaoPraticaEx2.csproj", "{26B7BDA6-E9AE-4781-9BAD-DDEEC6887E76}"
EndProject
Global
	GlobalSection(SolutionConfigurationPlatforms) = preSolution
		Debug|Any CPU = Debug|Any CPU
		Release|Any CPU = Release|Any CPU
	EndGlobalSection
	GlobalSection(ProjectConfigurationPlatforms) = postSolution
		{26B7BDA6-E9AE-4781-9BAD-DDEEC6887E76}.Debug|Any CPU.ActiveCfg = Debug|Any CPU
		{26B7BDA6-E9AE-4781-9BAD-DDEEC6887E76}.Debug|Any CPU.Build.0 = Debug|Any CPU
		{26B7BDA6-E9AE-4781-9BAD-DDEEC6887E76}.Release|Any CPU.ActiveCfg = Release|Any CPU
		{26B7BDA6-E9AE-4781-9BAD-DDEEC6887E76}.Release|Any CPU.Build.0 = Release|Any CPU
	EndGlobalSection
	GlobalSection(SolutionProperties) = preSolution
		HideSolutionNode = FALSE
	EndGlobalSection
	GlobalSection(ExtensibilityGlobals) = postSolution
		SolutionGuid = {A52CBAF8-BC6B-4191-BF4C-C187A1584C64}
	EndGlobalSection
EndGlobal
