
Microsoft Visual Studio Solution File, Format Version 12.00
# Visual Studio Version 17
VisualStudioVersion = 17.5.002.0
MinimumVisualStudioVersion = 10.0.40219.1
Project("{9A19103F-16F7-4668-BE54-9A1E7A4F7556}") = "AvaliacaoPraticaEx7", "AvaliacaoPraticaEx7.csproj", "{5DADD3F1-1E82-4D59-BB72-5232989F5918}"
EndProject
Global
	GlobalSection(SolutionConfigurationPlatforms) = preSolution
		Debug|Any CPU = Debug|Any CPU
		Release|Any CPU = Release|Any CPU
	EndGlobalSection
	GlobalSection(ProjectConfigurationPlatforms) = postSolution
		{5DADD3F1-1E82-4D59-BB72-5232989F5918}.Debug|Any CPU.ActiveCfg = Debug|Any CPU
		{5DADD3F1-1E82-4D59-BB72-5232989F5918}.Debug|Any CPU.Build.0 = Debug|Any CPU
		{5DADD3F1-1E82-4D59-BB72-5232989F5918}.Release|Any CPU.ActiveCfg = Release|Any CPU
		{5DADD3F1-1E82-4D59-BB72-5232989F5918}.Release|Any CPU.Build.0 = Release|Any CPU
	EndGlobalSection
	GlobalSection(SolutionProperties) = preSolution
		HideSolutionNode = FALSE
	EndGlobalSection
	GlobalSection(ExtensibilityGlobals) = postSolution
		SolutionGuid = {1581636E-3264-4C5D-99F6-168F5B3B94BE}
	EndGlobalSection
EndGlobal
