
Microsoft Visual Studio Solution File, Format Version 12.00
# Visual Studio Version 17
VisualStudioVersion = 17.5.002.0
MinimumVisualStudioVersion = 10.0.40219.1
Project("{9A19103F-16F7-4668-BE54-9A1E7A4F7556}") = "AvaliacaoPraticaEx8", "AvaliacaoPraticaEx8.csproj", "{921C3A16-BC81-4039-AB8B-A4CD6F8D5C60}"
EndProject
Global
	GlobalSection(SolutionConfigurationPlatforms) = preSolution
		Debug|Any CPU = Debug|Any CPU
		Release|Any CPU = Release|Any CPU
	EndGlobalSection
	GlobalSection(ProjectConfigurationPlatforms) = postSolution
		{921C3A16-BC81-4039-AB8B-A4CD6F8D5C60}.Debug|Any CPU.ActiveCfg = Debug|Any CPU
		{921C3A16-BC81-4039-AB8B-A4CD6F8D5C60}.Debug|Any CPU.Build.0 = Debug|Any CPU
		{921C3A16-BC81-4039-AB8B-A4CD6F8D5C60}.Release|Any CPU.ActiveCfg = Release|Any CPU
		{921C3A16-BC81-4039-AB8B-A4CD6F8D5C60}.Release|Any CPU.Build.0 = Release|Any CPU
	EndGlobalSection
	GlobalSection(SolutionProperties) = preSolution
		HideSolutionNode = FALSE
	EndGlobalSection
	GlobalSection(ExtensibilityGlobals) = postSolution
		SolutionGuid = {DA80DBDC-9E33-42D0-B352-2DEC65AFAD3E}
	EndGlobalSection
EndGlobal
